{
  "name": "core-js-shared",
  "version": "1.0.0",
  "lockfileVersion": 2,
  "requires": true,
  "packages": {
    "": {
      "name": "core-js-shared",
      "version": "1.0.0",
      "dependencies": {
        "nodemailer": "^8.0.2"
      }
    },
    "node_modules/nodemailer": {
      "version": "8.0.3",
      "resolved": "https://registry.npmjs.org/nodemailer/-/nodemailer-8.0.3.tgz",
      "integrity": "sha512-JQNBqvK+bj3NMhUFR3wmCl3SYcOeMotDiwDBvIoCuQdF0PvlIY0BH+FJ2CG7u4cXKPChplE78oowlH/Otsc4ZQ==",
      "engines": {
        "node": ">=6.0.0"
      }
    }
  },
  "dependencies": {
    "nodemailer": {
      "version": "8.0.3",
      "resolved": "https://registry.npmjs.org/nodemailer/-/nodemailer-8.0.3.tgz",
      "integrity": "sha512-JQNBqvK+bj3NMhUFR3wmCl3SYcOeMotDiwDBvIoCuQdF0PvlIY0BH+FJ2CG7u4cXKPChplE78oowlH/Otsc4ZQ=="
    }
  }
}
